{
  "name": "gap369",
  "version": "0.1.0",
  "lockfileVersion": 3,
  "requires": true,
  "packages": {
    "": {
      "name": "gap369",
      "version": "0.1.0",
      "dependencies": {
        "next": "^15.3.5",
        "pg": "^8.23.0",
        "react": "^19.3.0",
        "react-dom": "^19.3.0"
      },
      "devDependencies": {
        "@types/node": "^22.20.2",
        "@types/pg": "^8.23.1",
        "@types/react": "^19.3.0",
        "typescript": "^5.8.3"
      }
    }
  }
}
